
Microsoft Visual Studio Solution File, Format Version 10.00
# Visual Studio 2008
Project("{8BC9CEB8-8B4A-11D0-8D11-00A0C91BC942}") = "1.29", "1.29\1.29.vcproj", "{ACD885BC-BA2E-4210-9181-9A5D55D7BEB3}"
EndProject
Global
	GlobalSection(SolutionConfigurationPlatforms) = preSolution
		Debug|Win32 = Debug|Win32
		Release|Win32 = Release|Win32
	EndGlobalSection
	GlobalSection(ProjectConfigurationPlatforms) = postSolution
		{ACD885BC-BA2E-4210-9181-9A5D55D7BEB3}.Debug|Win32.ActiveCfg = Debug|Win32
		{ACD885BC-BA2E-4210-9181-9A5D55D7BEB3}.Debug|Win32.Build.0 = Debug|Win32
		{ACD885BC-BA2E-4210-9181-9A5D55D7BEB3}.Release|Win32.ActiveCfg = Release|Win32
		{ACD885BC-BA2E-4210-9181-9A5D55D7BEB3}.Release|Win32.Build.0 = Release|Win32
	EndGlobalSection
	GlobalSection(SolutionProperties) = preSolution
		HideSolutionNode = FALSE
	EndGlobalSection
EndGlobal
