
Microsoft Visual Studio Solution File, Format Version 12.00
# Visual Studio 2012
Project("{8BC9CEB8-8B4A-11D0-8D11-00A0C91BC942}") = "2.2", "2.2\2.2.vcxproj", "{EDAD6454-CF8D-49BE-9442-7ED5E376F322}"
EndProject
Global
	GlobalSection(SolutionConfigurationPlatforms) = preSolution
		Debug|Win32 = Debug|Win32
		Release|Win32 = Release|Win32
	EndGlobalSection
	GlobalSection(ProjectConfigurationPlatforms) = postSolution
		{EDAD6454-CF8D-49BE-9442-7ED5E376F322}.Debug|Win32.ActiveCfg = Debug|Win32
		{EDAD6454-CF8D-49BE-9442-7ED5E376F322}.Debug|Win32.Build.0 = Debug|Win32
		{EDAD6454-CF8D-49BE-9442-7ED5E376F322}.Release|Win32.ActiveCfg = Release|Win32
		{EDAD6454-CF8D-49BE-9442-7ED5E376F322}.Release|Win32.Build.0 = Release|Win32
	EndGlobalSection
	GlobalSection(SolutionProperties) = preSolution
		HideSolutionNode = FALSE
	EndGlobalSection
EndGlobal
